{
  "lib/spyke/connection_lambda.rb:3418242227": [
    [16, 7, 60, "ThreadSafety/ClassAndModuleAttributes: Avoid mutating class and module attributes.", 3361415896]
  ],
  "spyke-connection_lambda.gemspec:1437078764": [
    [165, 3, 42, "Gemspec/DependencyVersion: Dependency version specification is required.", 498701382],
    [166, 3, 47, "Gemspec/DependencyVersion: Dependency version specification is required.", 2015476677],
    [167, 3, 52, "Gemspec/DependencyVersion: Dependency version specification is required.", 3489506113],
    [168, 3, 39, "Gemspec/DependencyVersion: Dependency version specification is required.", 593602651],
    [169, 3, 44, "Gemspec/DependencyVersion: Dependency version specification is required.", 204332093],
    [170, 3, 37, "Gemspec/DependencyVersion: Dependency version specification is required.", 1202442760],
    [171, 3, 43, "Gemspec/DependencyVersion: Dependency version specification is required.", 2802811655],
    [172, 3, 48, "Gemspec/DependencyVersion: Dependency version specification is required.", 355398172],
    [174, 3, 41, "Gemspec/DependencyVersion: Dependency version specification is required.", 1641716169]
  ],
  "test/test_helper.rb:3074728927": [
    [27, 1, 54, "Lint/NonDeterministicRequireOrder: Sort files before requiring them.", 728169480],
    [29, 1, 26, "Lint/DuplicateRequire: Duplicate `require` detected.", 849714292]
  ]
}
